
Microsoft Visual Studio Solution File, Format Version 12.00
# Visual Studio Version 16
VisualStudioVersion = 16.0.29001.49
MinimumVisualStudioVersion = 10.0.40219.1
Project("{FAE04EC0-301F-11D3-BF4B-00C04F79EFBC}") = "MaMiKrCh2", "MaMiKrCh2.csproj", "{77ED7283-B728-4DF9-B9DF-24192C574D5A}"
EndProject
Global
	GlobalSection(SolutionConfigurationPlatforms) = preSolution
		Debug|Any CPU = Debug|Any CPU
		Release|Any CPU = Release|Any CPU
	EndGlobalSection
	GlobalSection(ProjectConfigurationPlatforms) = postSolution
		{77ED7283-B728-4DF9-B9DF-24192C574D5A}.Debug|Any CPU.ActiveCfg = Debug|Any CPU
		{77ED7283-B728-4DF9-B9DF-24192C574D5A}.Debug|Any CPU.Build.0 = Debug|Any CPU
		{77ED7283-B728-4DF9-B9DF-24192C574D5A}.Release|Any CPU.ActiveCfg = Release|Any CPU
		{77ED7283-B728-4DF9-B9DF-24192C574D5A}.Release|Any CPU.Build.0 = Release|Any CPU
	EndGlobalSection
	GlobalSection(SolutionProperties) = preSolution
		HideSolutionNode = FALSE
	EndGlobalSection
	GlobalSection(ExtensibilityGlobals) = postSolution
		SolutionGuid = {1BE4A905-2ED4-46EE-94A5-65BD4B3D032F}
	EndGlobalSection
EndGlobal
